
Microsoft Visual Studio Solution File, Format Version 12.00
# Visual Studio Version 17
VisualStudioVersion = 17.4.33205.214
MinimumVisualStudioVersion = 10.0.40219.1
Project("{9A19103F-16F7-4668-BE54-9A1E7A4F7556}") = "Pizzas", "Pizzas\Pizzas.csproj", "{FA40CA23-214A-44A3-8D4D-5EA438719DFC}"
EndProject
Global
	GlobalSection(SolutionConfigurationPlatforms) = preSolution
		Debug|Any CPU = Debug|Any CPU
		Release|Any CPU = Release|Any CPU
	EndGlobalSection
	GlobalSection(ProjectConfigurationPlatforms) = postSolution
		{FA40CA23-214A-44A3-8D4D-5EA438719DFC}.Debug|Any CPU.ActiveCfg = Debug|Any CPU
		{FA40CA23-214A-44A3-8D4D-5EA438719DFC}.Debug|Any CPU.Build.0 = Debug|Any CPU
		{FA40CA23-214A-44A3-8D4D-5EA438719DFC}.Release|Any CPU.ActiveCfg = Release|Any CPU
		{FA40CA23-214A-44A3-8D4D-5EA438719DFC}.Release|Any CPU.Build.0 = Release|Any CPU
	EndGlobalSection
	GlobalSection(SolutionProperties) = preSolution
		HideSolutionNode = FALSE
	EndGlobalSection
	GlobalSection(ExtensibilityGlobals) = postSolution
		SolutionGuid = {F6E6BA83-696A-4389-BE91-B94498CF1E25}
	EndGlobalSection
EndGlobal
